// !$*UTF8*$!
{
	archiveVersion = 1;
	classes = {
	};
	objectVersion = 56;
	objects = {

/* Begin PBXBuildFile section */
		D006ED962C39D5E900B7E388 /* AppDelegate.swift in Sources */ = {isa = PBXBuildFile; fileRef = D006ED952C39D5E900B7E388 /* AppDelegate.swift */; };
		D006ED982C39D5E900B7E388 /* SceneDelegate.swift in Sources */ = {isa = PBXBuildFile; fileRef = D006ED972C39D5E900B7E388 /* SceneDelegate.swift */; };
		D006ED9A2C39D5E900B7E388 /* ViewController.swift in Sources */ = {isa = PBXBuildFile; fileRef = D006ED992C39D5E900B7E388 /* ViewController.swift */; };
		D006ED9F2C39D5EC00B7E388 /* Assets.xcassets in Resources */ = {isa = PBXBuildFile; fileRef = D006ED9E2C39D5EC00B7E388 /* Assets.xcassets */; };
		D006EDA22C39D5EC00B7E388 /* LaunchScreen.storyboard in Resources */ = {isa = PBXBuildFile; fileRef = D006EDA02C39D5EC00B7E388 /* LaunchScreen.storyboard */; };
		EED6F3ECBD113006070C1816 /* Pods_MapNavigationApp.framework in Frameworks */ = {isa = PBXBuildFile; fileRef = 814D17F5C709F82691A655FE /* Pods_MapNavigationApp.framework */; };
/* End PBXBuildFile section */

/* Begin PBXFileReference section */
		2CA0160D74A010ADA197EFBB /* Pods-MapNavigationApp.debug.xcconfig */ = {isa = PBXFileReference; includeInIndex = 1; lastKnownFileType = text.xcconfig; name = "Pods-MapNavigationApp.debug.xcconfig"; path = "Target Support Files/Pods-MapNavigationApp/Pods-MapNavigationApp.debug.xcconfig"; sourceTree = "<group>"; };
		814D17F5C709F82691A655FE /* Pods_MapNavigationApp.framework */ = {isa = PBXFileReference; explicitFileType = wrapper.framework; includeInIndex = 0; path = Pods_MapNavigationApp.framework; sourceTree = BUILT_PRODUCTS_DIR; };
		D006ED922C39D5E900B7E388 /* MapNavigationApp.app */ = {isa = PBXFileReference; explicitFileType = wrapper.application; includeInIndex = 0; path = MapNavigationApp.app; sourceTree = BUILT_PRODUCTS_DIR; };
		D006ED952C39D5E900B7E388 /* AppDelegate.swift */ = {isa = PBXFileReference; lastKnownFileType = sourcecode.swift; path = AppDelegate.swift; sourceTree = "<group>"; };
		D006ED972C39D5E900B7E388 /* SceneDelegate.swift */ = {isa = PBXFileReference; lastKnownFileType = sourcecode.swift; path = SceneDelegate.swift; sourceTree = "<group>"; };
		D006ED992C39D5E900B7E388 /* ViewController.swift */ = {isa = PBXFileReference; lastKnownFileType = sourcecode.swift; path = ViewController.swift; sourceTree = "<group>"; };
		D006ED9E2C39D5EC00B7E388 /* Assets.xcassets */ = {isa = PBXFileReference; lastKnownFileType = folder.assetcatalog; path = Assets.xcassets; sourceTree = "<group>"; };
		D006EDA12C39D5EC00B7E388 /* Base */ = {isa = PBXFileReference; lastKnownFileType = file.storyboard; name = Base; path = Base.lproj/LaunchScreen.storyboard; sourceTree = "<group>"; };
		D006EDA32C39D5EC00B7E388 /* Info.plist */ = {isa = PBXFileReference; lastKnownFileType = text.plist.xml; path = Info.plist; sourceTree = "<group>"; };
		F374501505A04C30755BA126 /* Pods-MapNavigationApp.release.xcconfig */ = {isa = PBXFileReference; includeInIndex = 1; lastKnownFileType = text.xcconfig; name = "Pods-MapNavigationApp.release.xcconfig"; path = "Target Support Files/Pods-MapNavigationApp/Pods-MapNavigationApp.release.xcconfig"; sourceTree = "<group>"; };
/* End PBXFileReference section */

/* Begin PBXFrameworksBuildPhase section */
		D006ED8F2C39D5E900B7E388 /* Frameworks */ = {
			isa = PBXFrameworksBuildPhase;
			buildActionMask = 2147483647;
			files = (
				EED6F3ECBD113006070C1816 /* Pods_MapNavigationApp.framework in Frameworks */,
			);
			runOnlyForDeploymentPostprocessing = 0;
		};
/* End PBXFrameworksBuildPhase section */

/* Begin PBXGroup section */
		2547C5080C2A3BCACD33EB2B /* Frameworks */ = {
			isa = PBXGroup;
			children = (
				814D17F5C709F82691A655FE /* Pods_MapNavigationApp.framework */,
			);
			name = Frameworks;
			sourceTree = "<group>";
		};
		A7A73566D9AC7DD8376E6F51 /* Pods */ = {
			isa = PBXGroup;
			children = (
				2CA0160D74A010ADA197EFBB /* Pods-MapNavigationApp.debug.xcconfig */,
				F374501505A04C30755BA126 /* Pods-MapNavigationApp.release.xcconfig */,
			);
			path = Pods;
			sourceTree = "<group>";
		};
		D006ED892C39D5E900B7E388 = {
			isa = PBXGroup;
			children = (
				D006ED942C39D5E900B7E388 /* MapNavigationApp */,
				D006ED932C39D5E900B7E388 /* Products */,
				A7A73566D9AC7DD8376E6F51 /* Pods */,
				2547C5080C2A3BCACD33EB2B /* Frameworks */,
			);
			sourceTree = "<group>";
		};
		D006ED932C39D5E900B7E388 /* Products */ = {
			isa = PBXGroup;
			children = (
				D006ED922C39D5E900B7E388 /* MapNavigationApp.app */,
			);
			name = Products;
			sourceTree = "<group>";
		};
		D006ED942C39D5E900B7E388 /* MapNavigationApp */ = {
			isa = PBXGroup;
			children = (
				D006ED952C39D5E900B7E388 /* AppDelegate.swift */,
				D006ED972C39D5E900B7E388 /* SceneDelegate.swift */,
				D006EDA92C3A297300B7E388 /* ViewController */,
				D006ED9E2C39D5EC00B7E388 /* Assets.xcassets */,
				D006EDA02C39D5EC00B7E388 /* LaunchScreen.storyboard */,
				D006EDA32C39D5EC00B7E388 /* Info.plist */,
			);
			path = MapNavigationApp;
			sourceTree = "<group>";
		};
		D006EDA92C3A297300B7E388 /* ViewController */ = {
			isa = PBXGroup;
			children = (
				D006ED992C39D5E900B7E388 /* ViewController.swift */,
			);
			path = ViewController;
			sourceTree = "<group>";
		};
/* End PBXGroup section */

/* Begin PBXNativeTarget section */
		D006ED912C39D5E900B7E388 /* MapNavigationApp */ = {
			isa = PBXNativeTarget;
			buildConfigurationList = D006EDA62C39D5EC00B7E388 /* Build configuration list for PBXNativeTarget "MapNavigationApp" */;
			buildPhases = (
				0D2C34DAE0E433D71FCF06D3 /* [CP] Check Pods Manifest.lock */,
				D006ED8E2C39D5E900B7E388 /* Sources */,
				D006ED8F2C39D5E900B7E388 /* Frameworks */,
				D006ED902C39D5E900B7E388 /* Resources */,
				F8AF29A8FEF85B4E45A01CED /* [CP] Embed Pods Frameworks */,
			);
			buildRules = (
			);
			dependencies = (
			);
			name = MapNavigationApp;
			productName = MapNavigationApp;
			productReference = D006ED922C39D5E900B7E388 /* MapNavigationApp.app */;
			productType = "com.apple.product-type.application";
		};
/* End PBXNativeTarget section */

/* Begin PBXProject section */
		D006ED8A2C39D5E900B7E388 /* Project object */ = {
			isa = PBXProject;
			attributes = {
				BuildIndependentTargetsInParallel = 1;
				LastSwiftUpdateCheck = 1510;
				LastUpgradeCheck = 1510;
				TargetAttributes = {
					D006ED912C39D5E900B7E388 = {
						CreatedOnToolsVersion = 15.1;
					};
				};
			};
			buildConfigurationList = D006ED8D2C39D5E900B7E388 /* Build configuration list for PBXProject "MapNavigationApp" */;
			compatibilityVersion = "Xcode 14.0";
			developmentRegion = en;
			hasScannedForEncodings = 0;
			knownRegions = (
				en,
				Base,
			);
			mainGroup = D006ED892C39D5E900B7E388;
			productRefGroup = D006ED932C39D5E900B7E388 /* Products */;
			projectDirPath = "";
			projectRoot = "";
			targets = (
				D006ED912C39D5E900B7E388 /* MapNavigationApp */,
			);
		};
/* End PBXProject section */

/* Begin PBXResourcesBuildPhase section */
		D006ED902C39D5E900B7E388 /* Resources */ = {
			isa = PBXResourcesBuildPhase;
			buildActionMask = 2147483647;
			files = (
				D006EDA22C39D5EC00B7E388 /* LaunchScreen.storyboard in Resources */,
				D006ED9F2C39D5EC00B7E388 /* Assets.xcassets in Resources */,
			);
			runOnlyForDeploymentPostprocessing = 0;
		};
/* End PBXResourcesBuildPhase section */

/* Begin PBXShellScriptBuildPhase section */
		0D2C34DAE0E433D71FCF06D3 /* [CP] Check Pods Manifest.lock */ = {
			isa = PBXShellScriptBuildPhase;
			buildActionMask = 2147483647;
			files = (
			);
			inputFileListPaths = (
			);
			inputPaths = (
				"${PODS_PODFILE_DIR_PATH}/Podfile.lock",
				"${PODS_ROOT}/Manifest.lock",
			);
			name = "[CP] Check Pods Manifest.lock";
			outputFileListPaths = (
			);
			outputPaths = (
				"$(DERIVED_FILE_DIR)/Pods-MapNavigationApp-checkManifestLockResult.txt",
			);
			runOnlyForDeploymentPostprocessing = 0;
			shellPath = /bin/sh;
			shellScript = "diff \"${PODS_PODFILE_DIR_PATH}/Podfile.lock\" \"${PODS_ROOT}/Manifest.lock\" > /dev/null\nif [ $? != 0 ] ; then\n    # print error to STDERR\n    echo \"error: The sandbox is not in sync with the Podfile.lock. Run 'pod install' or update your CocoaPods installation.\" >&2\n    exit 1\nfi\n# This output is used by Xcode 'outputs' to avoid re-running this script phase.\necho \"SUCCESS\" > \"${SCRIPT_OUTPUT_FILE_0}\"\n";
			showEnvVarsInLog = 0;
		};
		F8AF29A8FEF85B4E45A01CED /* [CP] Embed Pods Frameworks */ = {
			isa = PBXShellScriptBuildPhase;
			buildActionMask = 2147483647;
			files = (
			);
			inputFileListPaths = (
				"${PODS_ROOT}/Target Support Files/Pods-MapNavigationApp/Pods-MapNavigationApp-frameworks-${CONFIGURATION}-input-files.xcfilelist",
			);
			name = "[CP] Embed Pods Frameworks";
			outputFileListPaths = (
				"${PODS_ROOT}/Target Support Files/Pods-MapNavigationApp/Pods-MapNavigationApp-frameworks-${CONFIGURATION}-output-files.xcfilelist",
			);
			runOnlyForDeploymentPostprocessing = 0;
			shellPath = /bin/sh;
			shellScript = "\"${PODS_ROOT}/Target Support Files/Pods-MapNavigationApp/Pods-MapNavigationApp-frameworks.sh\"\n";
			showEnvVarsInLog = 0;
		};
/* End PBXShellScriptBuildPhase section */

/* Begin PBXSourcesBuildPhase section */
		D006ED8E2C39D5E900B7E388 /* Sources */ = {
			isa = PBXSourcesBuildPhase;
			buildActionMask = 2147483647;
			files = (
				D006ED9A2C39D5E900B7E388 /* ViewController.swift in Sources */,
				D006ED962C39D5E900B7E388 /* AppDelegate.swift in Sources */,
				D006ED982C39D5E900B7E388 /* SceneDelegate.swift in Sources */,
			);
			runOnlyForDeploymentPostprocessing = 0;
		};
/* End PBXSourcesBuildPhase section */

/* Begin PBXVariantGroup section */
		D006EDA02C39D5EC00B7E388 /* LaunchScreen.storyboard */ = {
			isa = PBXVariantGroup;
			children = (
				D006EDA12C39D5EC00B7E388 /* Base */,
			);
			name = LaunchScreen.storyboard;
			sourceTree = "<group>";
		};
/* End PBXVariantGroup section */

/* Begin XCBuildConfiguration section */
		D006EDA42C39D5EC00B7E388 /* Debug */ = {
			isa = XCBuildConfiguration;
			buildSettings = {
				ALWAYS_SEARCH_USER_PATHS = NO;
				ASSETCATALOG_COMPILER_GENERATE_SWIFT_ASSET_SYMBOL_EXTENSIONS = YES;
				CLANG_ANALYZER_NONNULL = YES;
				CLANG_ANALYZER_NUMBER_OBJECT_CONVERSION = YES_AGGRESSIVE;
				CLANG_CXX_LANGUAGE_STANDARD = "gnu++20";
				CLANG_ENABLE_MODULES = YES;
				CLANG_ENABLE_OBJC_ARC = YES;
				CLANG_ENABLE_OBJC_WEAK = YES;
				CLANG_WARN_BLOCK_CAPTURE_AUTORELEASING = YES;
				CLANG_WARN_BOOL_CONVERSION = YES;
				CLANG_WARN_COMMA = YES;
				CLANG_WARN_CONSTANT_CONVERSION = YES;
				CLANG_WARN_DEPRECATED_OBJC_IMPLEMENTATIONS = YES;
				CLANG_WARN_DIRECT_OBJC_ISA_USAGE = YES_ERROR;
				CLANG_WARN_DOCUMENTATION_COMMENTS = YES;
				CLANG_WARN_EMPTY_BODY = YES;
				CLANG_WARN_ENUM_CONVERSION = YES;
				CLANG_WARN_INFINITE_RECURSION = YES;
				CLANG_WARN_INT_CONVERSION = YES;
				CLANG_WARN_NON_LITERAL_NULL_CONVERSION = YES;
				CLANG_WARN_OBJC_IMPLICIT_RETAIN_SELF = YES;
				CLANG_WARN_OBJC_LITERAL_CONVERSION = YES;
				CLANG_WARN_OBJC_ROOT_CLASS = YES_ERROR;
				CLANG_WARN_QUOTED_INCLUDE_IN_FRAMEWORK_HEADER = YES;
				CLANG_WARN_RANGE_LOOP_ANALYSIS = YES;
				CLANG_WARN_STRICT_PROTOTYPES = YES;
				CLANG_WARN_SUSPICIOUS_MOVE = YES;
				CLANG_WARN_UNGUARDED_AVAILABILITY = YES_AGGRESSIVE;
				CLANG_WARN_UNREACHABLE_CODE = YES;
				CLANG_WARN__DUPLICATE_METHOD_MATCH = YES;
				COPY_PHASE_STRIP = NO;
				DEBUG_INFORMATION_FORMAT = dwarf;
				ENABLE_STRICT_OBJC_MSGSEND = YES;
				ENABLE_TESTABILITY = YES;
				ENABLE_USER_SCRIPT_SANDBOXING = YES;
				GCC_C_LANGUAGE_STANDARD = gnu17;
				GCC_DYNAMIC_NO_PIC = NO;
				GCC_NO_COMMON_BLOCKS = YES;
				GCC_OPTIMIZATION_LEVEL = 0;
				GCC_PREPROCESSOR_DEFINITIONS = (
					"DEBUG=1",
					"$(inherited)",
				);
				GCC_WARN_64_TO_32_BIT_CONVERSION = YES;
				GCC_WARN_ABOUT_RETURN_TYPE = YES_ERROR;
				GCC_WARN_UNDECLARED_SELECTOR = YES;
				GCC_WARN_UNINITIALIZED_AUTOS = YES_AGGRESSIVE;
				GCC_WARN_UNUSED_FUNCTION = YES;
				GCC_WARN_UNUSED_VARIABLE = YES;
				IPHONEOS_DEPLOYMENT_TARGET = 17.2;
				LOCALIZATION_PREFERS_STRING_CATALOGS = YES;
				MTL_ENABLE_DEBUG_INFO = INCLUDE_SOURCE;
				MTL_FAST_MATH = YES;
				ONLY_ACTIVE_ARCH = YES;
				SDKROOT = iphoneos;
				SWIFT_ACTIVE_COMPILATION_CONDITIONS = "DEBUG $(inherited)";
				SWIFT_OPTIMIZATION_LEVEL = "-Onone";
			};
			name = Debug;
		};
		D006EDA52C39D5EC00B7E388 /* Release */ = {
			isa = XCBuildConfiguration;
			buildSettings = {
				ALWAYS_SEARCH_USER_PATHS = NO;
				ASSETCATALOG_COMPILER_GENERATE_SWIFT_ASSET_SYMBOL_EXTENSIONS = YES;
				CLANG_ANALYZER_NONNULL = YES;
				CLANG_ANALYZER_NUMBER_OBJECT_CONVERSION = YES_AGGRESSIVE;
				CLANG_CXX_LANGUAGE_STANDARD = "gnu++20";
				CLANG_ENABLE_MODULES = YES;
				CLANG_ENABLE_OBJC_ARC = YES;
				CLANG_ENABLE_OBJC_WEAK = YES;
				CLANG_WARN_BLOCK_CAPTURE_AUTORELEASING = YES;
				CLANG_WARN_BOOL_CONVERSION = YES;
				CLANG_WARN_COMMA = YES;
				CLANG_WARN_CONSTANT_CONVERSION = YES;
				CLANG_WARN_DEPRECATED_OBJC_IMPLEMENTATIONS = YES;
				CLANG_WARN_DIRECT_OBJC_ISA_USAGE = YES_ERROR;
				CLANG_WARN_DOCUMENTATION_COMMENTS = YES;
				CLANG_WARN_EMPTY_BODY = YES;
				CLANG_WARN_ENUM_CONVERSION = YES;
				CLANG_WARN_INFINITE_RECURSION = YES;
				CLANG_WARN_INT_CONVERSION = YES;
				CLANG_WARN_NON_LITERAL_NULL_CONVERSION = YES;
				CLANG_WARN_OBJC_IMPLICIT_RETAIN_SELF = YES;
				CLANG_WARN_OBJC_LITERAL_CONVERSION = YES;
				CLANG_WARN_OBJC_ROOT_CLASS = YES_ERROR;
				CLANG_WARN_QUOTED_INCLUDE_IN_FRAMEWORK_HEADER = YES;
				CLANG_WARN_RANGE_LOOP_ANALYSIS = YES;
				CLANG_WARN_STRICT_PROTOTYPES = YES;
				CLANG_WARN_SUSPICIOUS_MOVE = YES;
				CLANG_WARN_UNGUARDED_AVAILABILITY = YES_AGGRESSIVE;
				CLANG_WARN_UNREACHABLE_CODE = YES;
				CLANG_WARN__DUPLICATE_METHOD_MATCH = YES;
				COPY_PHASE_STRIP = NO;
				DEBUG_INFORMATION_FORMAT = "dwarf-with-dsym";
				ENABLE_NS_ASSERTIONS = NO;
				ENABLE_STRICT_OBJC_MSGSEND = YES;
				ENABLE_USER_SCRIPT_SANDBOXING = YES;
				GCC_C_LANGUAGE_STANDARD = gnu17;
				GCC_NO_COMMON_BLOCKS = YES;
				GCC_WARN_64_TO_32_BIT_CONVERSION = YES;
				GCC_WARN_ABOUT_RETURN_TYPE = YES_ERROR;
				GCC_WARN_UNDECLARED_SELECTOR = YES;
				GCC_WARN_UNINITIALIZED_AUTOS = YES_AGGRESSIVE;
				GCC_WARN_UNUSED_FUNCTION = YES;
				GCC_WARN_UNUSED_VARIABLE = YES;
				IPHONEOS_DEPLOYMENT_TARGET = 17.2;
				LOCALIZATION_PREFERS_STRING_CATALOGS = YES;
				MTL_ENABLE_DEBUG_INFO = NO;
				MTL_FAST_MATH = YES;
				SDKROOT = iphoneos;
				SWIFT_COMPILATION_MODE = wholemodule;
				VALIDATE_PRODUCT = YES;
			};
			name = Release;
		};
		D006EDA72C39D5EC00B7E388 /* Debug */ = {
			isa = XCBuildConfiguration;
			baseConfigurationReference = 2CA0160D74A010ADA197EFBB /* Pods-MapNavigationApp.debug.xcconfig */;
			buildSettings = {
				ASSETCATALOG_COMPILER_APPICON_NAME = AppIcon;
				ASSETCATALOG_COMPILER_GLOBAL_ACCENT_COLOR_NAME = AccentColor;
				CODE_SIGN_STYLE = Automatic;
				CURRENT_PROJECT_VERSION = 1;
				DEVELOPMENT_TEAM = HNS64TAJ9X;
				GENERATE_INFOPLIST_FILE = YES;
				INFOPLIST_FILE = MapNavigationApp/Info.plist;
				INFOPLIST_KEY_NSLocationAlwaysAndWhenInUseUsageDescription = "Please Allow The Application To Get Location To Use The Application";
				INFOPLIST_KEY_NSLocationAlwaysUsageDescription = "Please Allow The Application To Get Location To Use The Application";
				INFOPLIST_KEY_NSLocationWhenInUseUsageDescription = "Please Allow The Application To Get Location To Use The Application";
				INFOPLIST_KEY_UIApplicationSupportsIndirectInputEvents = YES;
				INFOPLIST_KEY_UILaunchStoryboardName = LaunchScreen;
				INFOPLIST_KEY_UISupportedInterfaceOrientations_iPad = "UIInterfaceOrientationPortrait UIInterfaceOrientationPortraitUpsideDown UIInterfaceOrientationLandscapeLeft UIInterfaceOrientationLandscapeRight";
				INFOPLIST_KEY_UISupportedInterfaceOrientations_iPhone = "UIInterfaceOrientationPortrait UIInterfaceOrientationLandscapeLeft UIInterfaceOrientationLandscapeRight";
				LD_RUNPATH_SEARCH_PATHS = (
					"$(inherited)",
					"@executable_path/Frameworks",
				);
				MARKETING_VERSION = 1.0;
				PRODUCT_BUNDLE_IDENTIFIER = com.Recipe.MapNavigationApp;
				PRODUCT_NAME = "$(TARGET_NAME)";
				SWIFT_EMIT_LOC_STRINGS = YES;
				SWIFT_VERSION = 5.0;
				TARGETED_DEVICE_FAMILY = "1,2";
			};
			name = Debug;
		};
		D006EDA82C39D5EC00B7E388 /* Release */ = {
			isa = XCBuildConfiguration;
			baseConfigurationReference = F374501505A04C30755BA126 /* Pods-MapNavigationApp.release.xcconfig */;
			buildSettings = {
				ASSETCATALOG_COMPILER_APPICON_NAME = AppIcon;
				ASSETCATALOG_COMPILER_GLOBAL_ACCENT_COLOR_NAME = AccentColor;
				CODE_SIGN_STYLE = Automatic;
				CURRENT_PROJECT_VERSION = 1;
				DEVELOPMENT_TEAM = HNS64TAJ9X;
				GENERATE_INFOPLIST_FILE = YES;
				INFOPLIST_FILE = MapNavigationApp/Info.plist;
				INFOPLIST_KEY_NSLocationAlwaysAndWhenInUseUsageDescription = "Please Allow The Application To Get Location To Use The Application";
				INFOPLIST_KEY_NSLocationAlwaysUsageDescription = "Please Allow The Application To Get Location To Use The Application";
				INFOPLIST_KEY_NSLocationWhenInUseUsageDescription = "Please Allow The Application To Get Location To Use The Application";
				INFOPLIST_KEY_UIApplicationSupportsIndirectInputEvents = YES;
				INFOPLIST_KEY_UILaunchStoryboardName = LaunchScreen;
				INFOPLIST_KEY_UISupportedInterfaceOrientations_iPad = "UIInterfaceOrientationPortrait UIInterfaceOrientationPortraitUpsideDown UIInterfaceOrientationLandscapeLeft UIInterfaceOrientationLandscapeRight";
				INFOPLIST_KEY_UISupportedInterfaceOrientations_iPhone = "UIInterfaceOrientationPortrait UIInterfaceOrientationLandscapeLeft UIInterfaceOrientationLandscapeRight";
				LD_RUNPATH_SEARCH_PATHS = (
					"$(inherited)",
					"@executable_path/Frameworks",
				);
				MARKETING_VERSION = 1.0;
				PRODUCT_BUNDLE_IDENTIFIER = com.Recipe.MapNavigationApp;
				PRODUCT_NAME = "$(TARGET_NAME)";
				SWIFT_EMIT_LOC_STRINGS = YES;
				SWIFT_VERSION = 5.0;
				TARGETED_DEVICE_FAMILY = "1,2";
			};
			name = Release;
		};
/* End XCBuildConfiguration section */

/* Begin XCConfigurationList section */
		D006ED8D2C39D5E900B7E388 /* Build configuration list for PBXProject "MapNavigationApp" */ = {
			isa = XCConfigurationList;
			buildConfigurations = (
				D006EDA42C39D5EC00B7E388 /* Debug */,
				D006EDA52C39D5EC00B7E388 /* Release */,
			);
			defaultConfigurationIsVisible = 0;
			defaultConfigurationName = Release;
		};
		D006EDA62C39D5EC00B7E388 /* Build configuration list for PBXNativeTarget "MapNavigationApp" */ = {
			isa = XCConfigurationList;
			buildConfigurations = (
				D006EDA72C39D5EC00B7E388 /* Debug */,
				D006EDA82C39D5EC00B7E388 /* Release */,
			);
			defaultConfigurationIsVisible = 0;
			defaultConfigurationName = Release;
		};
/* End XCConfigurationList section */
	};
	rootObject = D006ED8A2C39D5E900B7E388 /* Project object */;
}
